
Microsoft Visual Studio Solution File, Format Version 12.00
# Visual Studio Version 16
VisualStudioVersion = 16.0.31702.278
MinimumVisualStudioVersion = 10.0.40219.1
Project("{9A19103F-16F7-4668-BE54-9A1E7A4F7556}") = "TIMAN.Web", "TIMAN.Web\TIMAN.Web.csproj", "{D3811753-7233-4ED1-B687-35A29B8CDD47}"
EndProject
Project("{9A19103F-16F7-4668-BE54-9A1E7A4F7556}") = "TIMAN.Model", "TIMAN.Model\TIMAN.Model.csproj", "{0CDD9EF7-1C70-437C-B2B1-B33B54874FCF}"
EndProject
Project("{9A19103F-16F7-4668-BE54-9A1E7A4F7556}") = "TIMAN.Api", "TIMAN.Api\TIMAN.Api.csproj", "{0955D663-2679-41BD-8005-B60A452B9075}"
EndProject
Global
	GlobalSection(SolutionConfigurationPlatforms) = preSolution
		Debug|Any CPU = Debug|Any CPU
		Release|Any CPU = Release|Any CPU
	EndGlobalSection
	GlobalSection(ProjectConfigurationPlatforms) = postSolution
		{D3811753-7233-4ED1-B687-35A29B8CDD47}.Debug|Any CPU.ActiveCfg = Debug|Any CPU
		{D3811753-7233-4ED1-B687-35A29B8CDD47}.Debug|Any CPU.Build.0 = Debug|Any CPU
		{D3811753-7233-4ED1-B687-35A29B8CDD47}.Release|Any CPU.ActiveCfg = Release|Any CPU
		{D3811753-7233-4ED1-B687-35A29B8CDD47}.Release|Any CPU.Build.0 = Release|Any CPU
		{0CDD9EF7-1C70-437C-B2B1-B33B54874FCF}.Debug|Any CPU.ActiveCfg = Debug|Any CPU
		{0CDD9EF7-1C70-437C-B2B1-B33B54874FCF}.Debug|Any CPU.Build.0 = Debug|Any CPU
		{0CDD9EF7-1C70-437C-B2B1-B33B54874FCF}.Release|Any CPU.ActiveCfg = Release|Any CPU
		{0CDD9EF7-1C70-437C-B2B1-B33B54874FCF}.Release|Any CPU.Build.0 = Release|Any CPU
		{0955D663-2679-41BD-8005-B60A452B9075}.Debug|Any CPU.ActiveCfg = Debug|Any CPU
		{0955D663-2679-41BD-8005-B60A452B9075}.Debug|Any CPU.Build.0 = Debug|Any CPU
		{0955D663-2679-41BD-8005-B60A452B9075}.Release|Any CPU.ActiveCfg = Release|Any CPU
		{0955D663-2679-41BD-8005-B60A452B9075}.Release|Any CPU.Build.0 = Release|Any CPU
	EndGlobalSection
	GlobalSection(SolutionProperties) = preSolution
		HideSolutionNode = FALSE
	EndGlobalSection
	GlobalSection(ExtensibilityGlobals) = postSolution
		SolutionGuid = {A6FBF487-A070-4858-B329-D34F9C2CFDD2}
	EndGlobalSection
EndGlobal
